
Microsoft Visual Studio Solution File, Format Version 12.00
# Visual Studio 2013
VisualStudioVersion = 12.0.21005.1
MinimumVisualStudioVersion = 10.0.40219.1
Project("{FAE04EC0-301F-11D3-BF4B-00C04F79EFBC}") = "NaiveBayesAlgo", "NaiveBayesAlgo\NaiveBayesAlgo.csproj", "{658CCC76-6F54-41B2-B474-6997C0047D26}"
EndProject
Project("{FAE04EC0-301F-11D3-BF4B-00C04F79EFBC}") = "NaiveBayes", "NaiveBayes\NaiveBayes.csproj", "{3DD2A6A4-BABB-4E04-B46E-4781D6172558}"
EndProject
Global
	GlobalSection(SolutionConfigurationPlatforms) = preSolution
		Debug|Any CPU = Debug|Any CPU
		Release|Any CPU = Release|Any CPU
	EndGlobalSection
	GlobalSection(ProjectConfigurationPlatforms) = postSolution
		{658CCC76-6F54-41B2-B474-6997C0047D26}.Debug|Any CPU.ActiveCfg = Debug|Any CPU
		{658CCC76-6F54-41B2-B474-6997C0047D26}.Debug|Any CPU.Build.0 = Debug|Any CPU
		{658CCC76-6F54-41B2-B474-6997C0047D26}.Release|Any CPU.ActiveCfg = Release|Any CPU
		{658CCC76-6F54-41B2-B474-6997C0047D26}.Release|Any CPU.Build.0 = Release|Any CPU
		{3DD2A6A4-BABB-4E04-B46E-4781D6172558}.Debug|Any CPU.ActiveCfg = Debug|Any CPU
		{3DD2A6A4-BABB-4E04-B46E-4781D6172558}.Debug|Any CPU.Build.0 = Debug|Any CPU
		{3DD2A6A4-BABB-4E04-B46E-4781D6172558}.Release|Any CPU.ActiveCfg = Release|Any CPU
		{3DD2A6A4-BABB-4E04-B46E-4781D6172558}.Release|Any CPU.Build.0 = Release|Any CPU
	EndGlobalSection
	GlobalSection(SolutionProperties) = preSolution
		HideSolutionNode = FALSE
	EndGlobalSection
EndGlobal
